# This file is automatically @generated by Poetry 1.5.1 and should not be changed by hand.

[[package]]
name = "internaldafny"
version = "0.1.0"
description = ""
optional = false
python-versions = "*"
files = []
develop = false

[package.source]
type = "directory"
url = "src/simple_boolean/dafny"

[metadata]
lock-version = "2.0"
python-versions = "*"
content-hash = "ad93613560e44c8cc34bc23e1e43cc1fc3f8a8c7d7c2d6ae046b34dc7533ccba"
